<?xml version="1.0" encoding="utf-8"?>
<Project ToolsVersion="4.0" xmlns="http://schemas.microsoft.com/developer/msbuild/2003">
  <ItemGroup>
    <Filter Include="Core">
      <UniqueIdentifier>{85677852-9627-4d8a-a2a1-6c13f3cc2139}</UniqueIdentifier>
    </Filter>
    <Filter Include="Entries">
      <UniqueIdentifier>{778bf1a4-cd03-486c-8018-e53e4655b831}</UniqueIdentifier>
    </Filter>
    <Filter Include="Documents">
      <UniqueIdentifier>{f8c19411-8402-4ce3-a259-9abb959e7012}</UniqueIdentifier>
    </Filter>
  </ItemGroup>
  <ItemGroup>
    <ClInclude Include="Player.hpp">
      <Filter>Core</Filter>
    </ClInclude>
    <ClInclude Include="ProxyPlayer.hpp">
      <Filter>Core</Filter>
    </ClInclude>
    <ClInclude Include="HumanPlayer.hpp">
      <Filter>Core</Filter>
    </ClInclude>
    <ClInclude Include="CustomPlayer.hpp">
      <Filter>Core</Filter>
    </ClInclude>
    <ClInclude Include="GunClubPlayer.hpp">
      <Filter>Entries</Filter>
    </ClInclude>
    <ClInclude Include="GunDuel.hpp">
      <Filter>Core</Filter>
    </ClInclude>
    <ClInclude Include="Tournament.hpp">
      <Filter>Core</Filter>
    </ClInclude>
    <ClInclude Include="DeceptivePlayer.hpp">
      <Filter>Entries</Filter>
    </ClInclude>
    <ClInclude Include="OpportunistPlayer.hpp">
      <Filter>Entries</Filter>
    </ClInclude>
    <ClInclude Include="PlasmaPlayer.hpp">
      <Filter>Entries</Filter>
    </ClInclude>
    <ClInclude Include="SadisticShooterPlayer.hpp">
      <Filter>Entries</Filter>
    </ClInclude>
    <ClInclude Include="BarricadePlayer.hpp">
      <Filter>Entries</Filter>
    </ClInclude>
    <ClInclude Include="BlackHatPlayer.hpp">
      <Filter>Entries</Filter>
    </ClInclude>
    <ClInclude Include="BotRobotPlayer.hpp">
      <Filter>Entries</Filter>
    </ClInclude>
    <ClInclude Include="StudiousPlayer.hpp">
      <Filter>Entries</Filter>
    </ClInclude>
    <ClInclude Include="TurtlePlayer.hpp">
      <Filter>Entries</Filter>
    </ClInclude>
    <ClInclude Include="SurvivorPlayer.hpp">
      <Filter>Entries</Filter>
    </ClInclude>
    <ClInclude Include="FatedPlayer.hpp">
      <Filter>Entries</Filter>
    </ClInclude>
    <ClInclude Include="CBetaPlayer.hpp">
      <Filter>Entries</Filter>
    </ClInclude>
  </ItemGroup>
  <ItemGroup>
    <ClCompile Include="Tournament.cpp" />
  </ItemGroup>
  <ItemGroup>
    <None Include="..\LICENSE">
      <Filter>Documents</Filter>
    </None>
    <None Include="..\README.md">
      <Filter>Documents</Filter>
    </None>
  </ItemGroup>
</Project>